
Microsoft Visual Studio Solution File, Format Version 12.00
# Visual Studio Version 17
VisualStudioVersion = 17.8.34316.72
MinimumVisualStudioVersion = 10.0.40219.1
Project("{9A19103F-16F7-4668-BE54-9A1E7A4F7556}") = "MinimalAPI", "MinimalAPI\MinimalAPI.csproj", "{ED0AF28A-29ED-4CB5-B48C-120BEBE23E1F}"
EndProject
Project("{9A19103F-16F7-4668-BE54-9A1E7A4F7556}") = "WebAPI", "WebAPI\WebAPI.csproj", "{415D1970-04F0-4910-A804-4794FD51C631}"
EndProject
Project("{9A19103F-16F7-4668-BE54-9A1E7A4F7556}") = "Client", "Client\Client.csproj", "{7A25B7CD-B3CC-4DCC-AC6D-06783EE577FB}"
EndProject
Project("{9A19103F-16F7-4668-BE54-9A1E7A4F7556}") = "WebMVC", "WebMVC\WebMVC.csproj", "{D1CBAF55-881B-491B-8007-CC2CDBF1E3B8}"
EndProject
Project("{9A19103F-16F7-4668-BE54-9A1E7A4F7556}") = "SchoolProject", "SchoolProject\SchoolProject.csproj", "{1A2E7BF6-3F26-4336-92C3-1DA0755089EE}"
EndProject
Project("{FAE04EC0-301F-11D3-BF4B-00C04F79EFBC}") = "ExampleMVCProject", "ExampleMVCProject\ExampleMVCProject.csproj", "{D80432E8-69BF-4E3B-B5C1-D2091BF38AD3}"
EndProject
Global
	GlobalSection(SolutionConfigurationPlatforms) = preSolution
		Debug|Any CPU = Debug|Any CPU
		Release|Any CPU = Release|Any CPU
	EndGlobalSection
	GlobalSection(ProjectConfigurationPlatforms) = postSolution
		{ED0AF28A-29ED-4CB5-B48C-120BEBE23E1F}.Debug|Any CPU.ActiveCfg = Debug|Any CPU
		{ED0AF28A-29ED-4CB5-B48C-120BEBE23E1F}.Debug|Any CPU.Build.0 = Debug|Any CPU
		{ED0AF28A-29ED-4CB5-B48C-120BEBE23E1F}.Release|Any CPU.ActiveCfg = Release|Any CPU
		{ED0AF28A-29ED-4CB5-B48C-120BEBE23E1F}.Release|Any CPU.Build.0 = Release|Any CPU
		{415D1970-04F0-4910-A804-4794FD51C631}.Debug|Any CPU.ActiveCfg = Debug|Any CPU
		{415D1970-04F0-4910-A804-4794FD51C631}.Debug|Any CPU.Build.0 = Debug|Any CPU
		{415D1970-04F0-4910-A804-4794FD51C631}.Release|Any CPU.ActiveCfg = Release|Any CPU
		{415D1970-04F0-4910-A804-4794FD51C631}.Release|Any CPU.Build.0 = Release|Any CPU
		{7A25B7CD-B3CC-4DCC-AC6D-06783EE577FB}.Debug|Any CPU.ActiveCfg = Debug|Any CPU
		{7A25B7CD-B3CC-4DCC-AC6D-06783EE577FB}.Debug|Any CPU.Build.0 = Debug|Any CPU
		{7A25B7CD-B3CC-4DCC-AC6D-06783EE577FB}.Release|Any CPU.ActiveCfg = Release|Any CPU
		{7A25B7CD-B3CC-4DCC-AC6D-06783EE577FB}.Release|Any CPU.Build.0 = Release|Any CPU
		{D1CBAF55-881B-491B-8007-CC2CDBF1E3B8}.Debug|Any CPU.ActiveCfg = Debug|Any CPU
		{D1CBAF55-881B-491B-8007-CC2CDBF1E3B8}.Debug|Any CPU.Build.0 = Debug|Any CPU
		{D1CBAF55-881B-491B-8007-CC2CDBF1E3B8}.Release|Any CPU.ActiveCfg = Release|Any CPU
		{D1CBAF55-881B-491B-8007-CC2CDBF1E3B8}.Release|Any CPU.Build.0 = Release|Any CPU
		{1A2E7BF6-3F26-4336-92C3-1DA0755089EE}.Debug|Any CPU.ActiveCfg = Debug|Any CPU
		{1A2E7BF6-3F26-4336-92C3-1DA0755089EE}.Debug|Any CPU.Build.0 = Debug|Any CPU
		{1A2E7BF6-3F26-4336-92C3-1DA0755089EE}.Release|Any CPU.ActiveCfg = Release|Any CPU
		{1A2E7BF6-3F26-4336-92C3-1DA0755089EE}.Release|Any CPU.Build.0 = Release|Any CPU
		{D80432E8-69BF-4E3B-B5C1-D2091BF38AD3}.Debug|Any CPU.ActiveCfg = Debug|Any CPU
		{D80432E8-69BF-4E3B-B5C1-D2091BF38AD3}.Debug|Any CPU.Build.0 = Debug|Any CPU
		{D80432E8-69BF-4E3B-B5C1-D2091BF38AD3}.Release|Any CPU.ActiveCfg = Release|Any CPU
		{D80432E8-69BF-4E3B-B5C1-D2091BF38AD3}.Release|Any CPU.Build.0 = Release|Any CPU
	EndGlobalSection
	GlobalSection(SolutionProperties) = preSolution
		HideSolutionNode = FALSE
	EndGlobalSection
	GlobalSection(ExtensibilityGlobals) = postSolution
		SolutionGuid = {CC2CA855-FBBA-499B-91F5-A89042537D09}
	EndGlobalSection
EndGlobal
